
Microsoft Visual Studio Solution File, Format Version 12.00
# Visual Studio Version 17
VisualStudioVersion = 17.11.35312.102
MinimumVisualStudioVersion = 10.0.40219.1
Project("{9A19103F-16F7-4668-BE54-9A1E7A4F7556}") = "WPLBlazor", "WPLBlazor\WPLBlazor.csproj", "{E3E46366-5488-42E0-BB40-1AD3DFA42987}"
EndProject
Global
	GlobalSection(SolutionConfigurationPlatforms) = preSolution
		Debug|Any CPU = Debug|Any CPU
		Release|Any CPU = Release|Any CPU
	EndGlobalSection
	GlobalSection(ProjectConfigurationPlatforms) = postSolution
		{E3E46366-5488-42E0-BB40-1AD3DFA42987}.Debug|Any CPU.ActiveCfg = Debug|Any CPU
		{E3E46366-5488-42E0-BB40-1AD3DFA42987}.Debug|Any CPU.Build.0 = Debug|Any CPU
		{E3E46366-5488-42E0-BB40-1AD3DFA42987}.Release|Any CPU.ActiveCfg = Release|Any CPU
		{E3E46366-5488-42E0-BB40-1AD3DFA42987}.Release|Any CPU.Build.0 = Release|Any CPU
	EndGlobalSection
	GlobalSection(SolutionProperties) = preSolution
		HideSolutionNode = FALSE
	EndGlobalSection
	GlobalSection(ExtensibilityGlobals) = postSolution
		SolutionGuid = {CBECA794-8197-46F9-AC5D-798CF5734A17}
	EndGlobalSection
EndGlobal
